
Microsoft Visual Studio Solution File, Format Version 12.00
# Visual Studio Version 17
VisualStudioVersion = 17.6.33815.320
MinimumVisualStudioVersion = 10.0.40219.1
Project("{FAE04EC0-301F-11D3-BF4B-00C04F79EFBC}") = "Part 4 Random Numbers", "Part 4 Random Numbers.csproj", "{7B5E10BB-200F-4AD0-ACBD-66DAC0D17ED0}"
EndProject
Global
	GlobalSection(SolutionConfigurationPlatforms) = preSolution
		Debug|Any CPU = Debug|Any CPU
		Release|Any CPU = Release|Any CPU
	EndGlobalSection
	GlobalSection(ProjectConfigurationPlatforms) = postSolution
		{7B5E10BB-200F-4AD0-ACBD-66DAC0D17ED0}.Debug|Any CPU.ActiveCfg = Debug|Any CPU
		{7B5E10BB-200F-4AD0-ACBD-66DAC0D17ED0}.Debug|Any CPU.Build.0 = Debug|Any CPU
		{7B5E10BB-200F-4AD0-ACBD-66DAC0D17ED0}.Release|Any CPU.ActiveCfg = Release|Any CPU
		{7B5E10BB-200F-4AD0-ACBD-66DAC0D17ED0}.Release|Any CPU.Build.0 = Release|Any CPU
	EndGlobalSection
	GlobalSection(SolutionProperties) = preSolution
		HideSolutionNode = FALSE
	EndGlobalSection
	GlobalSection(ExtensibilityGlobals) = postSolution
		SolutionGuid = {573453A2-2400-4581-9ABC-6059415BF78B}
	EndGlobalSection
EndGlobal
